
Microsoft Visual Studio Solution File, Format Version 12.00
# Visual Studio Version 17
VisualStudioVersion = 17.7.34031.279
MinimumVisualStudioVersion = 10.0.40219.1
Project("{9A19103F-16F7-4668-BE54-9A1E7A4F7556}") = "BasicDoggyWeb", "DoggyWeb\BasicDoggyWeb.csproj", "{783E61CF-5BE8-4855-AAFE-01F2EAFC8735}"
EndProject
Project("{9A19103F-16F7-4668-BE54-9A1E7A4F7556}") = "IdsDoggyWeb", "IdsDoggyWeb\IdsDoggyWeb.csproj", "{0D24AD91-4B1C-4DC2-8228-DC4BAFCBE834}"
EndProject
Project("{2150E333-8FDC-42A3-9474-1A3956D46DE8}") = "1 - Presentation", "1 - Presentation", "{159B3DD5-E0CB-42DE-9981-A77642E3A921}"
EndProject
Project("{2150E333-8FDC-42A3-9474-1A3956D46DE8}") = "1.1 - Basic", "1.1 - Basic", "{325FE109-323E-4948-8BA9-8A62270846CE}"
EndProject
Project("{2150E333-8FDC-42A3-9474-1A3956D46DE8}") = "1.2 - WithIds", "1.2 - WithIds", "{26468565-2748-4AB9-B1EA-7ECC0EFB913C}"
EndProject
Project("{2150E333-8FDC-42A3-9474-1A3956D46DE8}") = "2 - Ids", "2 - Ids", "{709E2DEF-075F-4244-8C3E-09F45F521A7D}"
EndProject
Project("{9A19103F-16F7-4668-BE54-9A1E7A4F7556}") = "DoggyIds4", "DoggyIds4\DoggyIds4.csproj", "{78D173D3-6318-42FB-8F3F-9A9C94B6BA6D}"
EndProject
Project("{2150E333-8FDC-42A3-9474-1A3956D46DE8}") = "1.0 - Apis", "1.0 - Apis", "{CF80D69C-79A4-47C3-8C35-95FF3BFC0697}"
EndProject
Project("{9A19103F-16F7-4668-BE54-9A1E7A4F7556}") = "DoggyApi", "DoggyApi\DoggyApi.csproj", "{C92F8279-4DBC-4365-B336-DC0114DE9D68}"
EndProject
Project("{2150E333-8FDC-42A3-9474-1A3956D46DE8}") = "src", "src", "{7FD1FDC3-39D6-4ECC-BBCD-DD699551B5CE}"
EndProject
Project("{2150E333-8FDC-42A3-9474-1A3956D46DE8}") = "Itens de Solução", "Itens de Solução", "{EE283D09-DC00-4736-B97C-B59B6B62DC39}"
	ProjectSection(SolutionItems) = preProject
		docker-compose.yml = docker-compose.yml
	EndProjectSection
EndProject
Global
	GlobalSection(SolutionConfigurationPlatforms) = preSolution
		Debug|Any CPU = Debug|Any CPU
		Release|Any CPU = Release|Any CPU
	EndGlobalSection
	GlobalSection(ProjectConfigurationPlatforms) = postSolution
		{783E61CF-5BE8-4855-AAFE-01F2EAFC8735}.Debug|Any CPU.ActiveCfg = Debug|Any CPU
		{783E61CF-5BE8-4855-AAFE-01F2EAFC8735}.Debug|Any CPU.Build.0 = Debug|Any CPU
		{783E61CF-5BE8-4855-AAFE-01F2EAFC8735}.Release|Any CPU.ActiveCfg = Release|Any CPU
		{783E61CF-5BE8-4855-AAFE-01F2EAFC8735}.Release|Any CPU.Build.0 = Release|Any CPU
		{0D24AD91-4B1C-4DC2-8228-DC4BAFCBE834}.Debug|Any CPU.ActiveCfg = Debug|Any CPU
		{0D24AD91-4B1C-4DC2-8228-DC4BAFCBE834}.Debug|Any CPU.Build.0 = Debug|Any CPU
		{0D24AD91-4B1C-4DC2-8228-DC4BAFCBE834}.Release|Any CPU.ActiveCfg = Release|Any CPU
		{0D24AD91-4B1C-4DC2-8228-DC4BAFCBE834}.Release|Any CPU.Build.0 = Release|Any CPU
		{78D173D3-6318-42FB-8F3F-9A9C94B6BA6D}.Debug|Any CPU.ActiveCfg = Debug|Any CPU
		{78D173D3-6318-42FB-8F3F-9A9C94B6BA6D}.Debug|Any CPU.Build.0 = Debug|Any CPU
		{78D173D3-6318-42FB-8F3F-9A9C94B6BA6D}.Release|Any CPU.ActiveCfg = Release|Any CPU
		{78D173D3-6318-42FB-8F3F-9A9C94B6BA6D}.Release|Any CPU.Build.0 = Release|Any CPU
		{C92F8279-4DBC-4365-B336-DC0114DE9D68}.Debug|Any CPU.ActiveCfg = Debug|Any CPU
		{C92F8279-4DBC-4365-B336-DC0114DE9D68}.Debug|Any CPU.Build.0 = Debug|Any CPU
		{C92F8279-4DBC-4365-B336-DC0114DE9D68}.Release|Any CPU.ActiveCfg = Release|Any CPU
		{C92F8279-4DBC-4365-B336-DC0114DE9D68}.Release|Any CPU.Build.0 = Release|Any CPU
	EndGlobalSection
	GlobalSection(SolutionProperties) = preSolution
		HideSolutionNode = FALSE
	EndGlobalSection
	GlobalSection(NestedProjects) = preSolution
		{783E61CF-5BE8-4855-AAFE-01F2EAFC8735} = {325FE109-323E-4948-8BA9-8A62270846CE}
		{0D24AD91-4B1C-4DC2-8228-DC4BAFCBE834} = {26468565-2748-4AB9-B1EA-7ECC0EFB913C}
		{159B3DD5-E0CB-42DE-9981-A77642E3A921} = {7FD1FDC3-39D6-4ECC-BBCD-DD699551B5CE}
		{325FE109-323E-4948-8BA9-8A62270846CE} = {159B3DD5-E0CB-42DE-9981-A77642E3A921}
		{26468565-2748-4AB9-B1EA-7ECC0EFB913C} = {159B3DD5-E0CB-42DE-9981-A77642E3A921}
		{709E2DEF-075F-4244-8C3E-09F45F521A7D} = {7FD1FDC3-39D6-4ECC-BBCD-DD699551B5CE}
		{78D173D3-6318-42FB-8F3F-9A9C94B6BA6D} = {709E2DEF-075F-4244-8C3E-09F45F521A7D}
		{CF80D69C-79A4-47C3-8C35-95FF3BFC0697} = {159B3DD5-E0CB-42DE-9981-A77642E3A921}
		{C92F8279-4DBC-4365-B336-DC0114DE9D68} = {CF80D69C-79A4-47C3-8C35-95FF3BFC0697}
	EndGlobalSection
	GlobalSection(ExtensibilityGlobals) = postSolution
		SolutionGuid = {4839BA20-00EC-45D4-BA3E-45FD653C7481}
	EndGlobalSection
EndGlobal
