
Microsoft Visual Studio Solution File, Format Version 12.00
# Visual Studio Version 17
VisualStudioVersion = 17.7.34031.279
MinimumVisualStudioVersion = 10.0.40219.1
Project("{9A19103F-16F7-4668-BE54-9A1E7A4F7556}") = "BasicDoggyWeb", "DoggyWeb\BasicDoggyWeb.csproj", "{783E61CF-5BE8-4855-AAFE-01F2EAFC8735}"
EndProject
Global
	GlobalSection(SolutionConfigurationPlatforms) = preSolution
		Debug|Any CPU = Debug|Any CPU
		Release|Any CPU = Release|Any CPU
	EndGlobalSection
	GlobalSection(ProjectConfigurationPlatforms) = postSolution
		{783E61CF-5BE8-4855-AAFE-01F2EAFC8735}.Debug|Any CPU.ActiveCfg = Debug|Any CPU
		{783E61CF-5BE8-4855-AAFE-01F2EAFC8735}.Debug|Any CPU.Build.0 = Debug|Any CPU
		{783E61CF-5BE8-4855-AAFE-01F2EAFC8735}.Release|Any CPU.ActiveCfg = Release|Any CPU
		{783E61CF-5BE8-4855-AAFE-01F2EAFC8735}.Release|Any CPU.Build.0 = Release|Any CPU
	EndGlobalSection
	GlobalSection(SolutionProperties) = preSolution
		HideSolutionNode = FALSE
	EndGlobalSection
	GlobalSection(ExtensibilityGlobals) = postSolution
		SolutionGuid = {4839BA20-00EC-45D4-BA3E-45FD653C7481}
	EndGlobalSection
EndGlobal
