
Microsoft Visual Studio Solution File, Format Version 12.00
# Visual Studio Version 17
VisualStudioVersion = 17.7.34031.279
MinimumVisualStudioVersion = 10.0.40219.1
Project("{2150E333-8FDC-42A3-9474-1A3956D46DE8}") = "1 - Presentation", "1 - Presentation", "{159B3DD5-E0CB-42DE-9981-A77642E3A921}"
EndProject
Project("{2150E333-8FDC-42A3-9474-1A3956D46DE8}") = "1.1 - Basic", "1.1 - Basic", "{325FE109-323E-4948-8BA9-8A62270846CE}"
EndProject
Project("{2150E333-8FDC-42A3-9474-1A3956D46DE8}") = "1.2 - WithIds", "1.2 - WithIds", "{26468565-2748-4AB9-B1EA-7ECC0EFB913C}"
EndProject
Project("{2150E333-8FDC-42A3-9474-1A3956D46DE8}") = "2 - Ids", "2 - Ids", "{709E2DEF-075F-4244-8C3E-09F45F521A7D}"
EndProject
Project("{2150E333-8FDC-42A3-9474-1A3956D46DE8}") = "1.0 - Apis", "1.0 - Apis", "{CF80D69C-79A4-47C3-8C35-95FF3BFC0697}"
EndProject
Project("{2150E333-8FDC-42A3-9474-1A3956D46DE8}") = "src", "src", "{7FD1FDC3-39D6-4ECC-BBCD-DD699551B5CE}"
EndProject
Project("{2150E333-8FDC-42A3-9474-1A3956D46DE8}") = "Itens de Solução", "Itens de Solução", "{EE283D09-DC00-4736-B97C-B59B6B62DC39}"
	ProjectSection(SolutionItems) = preProject
		docker-compose.yml = docker-compose.yml
	EndProjectSection
EndProject
Project("{9A19103F-16F7-4668-BE54-9A1E7A4F7556}") = "BasicDoggyWeb", "src\DoggyWeb\BasicDoggyWeb.csproj", "{AD532233-BA67-49C3-BC20-CC55B05E879F}"
EndProject
Project("{9A19103F-16F7-4668-BE54-9A1E7A4F7556}") = "DoggyApi", "src\DoggyApi\DoggyApi.csproj", "{E6B30B5A-C7E3-489A-AB82-1B9265E99AF2}"
EndProject
Project("{9A19103F-16F7-4668-BE54-9A1E7A4F7556}") = "IdsDoggyWeb", "src\IdsDoggyWeb\IdsDoggyWeb.csproj", "{91D4A40B-5CB1-4D53-91EC-45B3E934DEBB}"
EndProject
Project("{FAE04EC0-301F-11D3-BF4B-00C04F79EFBC}") = "Ids", "Ids\Ids.csproj", "{AEF20FBA-52C0-46AE-8D6A-4C5D96D1ABD7}"
EndProject
Global
	GlobalSection(SolutionConfigurationPlatforms) = preSolution
		Debug|Any CPU = Debug|Any CPU
		Release|Any CPU = Release|Any CPU
	EndGlobalSection
	GlobalSection(ProjectConfigurationPlatforms) = postSolution
		{AD532233-BA67-49C3-BC20-CC55B05E879F}.Debug|Any CPU.ActiveCfg = Debug|Any CPU
		{AD532233-BA67-49C3-BC20-CC55B05E879F}.Debug|Any CPU.Build.0 = Debug|Any CPU
		{AD532233-BA67-49C3-BC20-CC55B05E879F}.Release|Any CPU.ActiveCfg = Release|Any CPU
		{AD532233-BA67-49C3-BC20-CC55B05E879F}.Release|Any CPU.Build.0 = Release|Any CPU
		{E6B30B5A-C7E3-489A-AB82-1B9265E99AF2}.Debug|Any CPU.ActiveCfg = Debug|Any CPU
		{E6B30B5A-C7E3-489A-AB82-1B9265E99AF2}.Debug|Any CPU.Build.0 = Debug|Any CPU
		{E6B30B5A-C7E3-489A-AB82-1B9265E99AF2}.Release|Any CPU.ActiveCfg = Release|Any CPU
		{E6B30B5A-C7E3-489A-AB82-1B9265E99AF2}.Release|Any CPU.Build.0 = Release|Any CPU
		{91D4A40B-5CB1-4D53-91EC-45B3E934DEBB}.Debug|Any CPU.ActiveCfg = Debug|Any CPU
		{91D4A40B-5CB1-4D53-91EC-45B3E934DEBB}.Debug|Any CPU.Build.0 = Debug|Any CPU
		{91D4A40B-5CB1-4D53-91EC-45B3E934DEBB}.Release|Any CPU.ActiveCfg = Release|Any CPU
		{91D4A40B-5CB1-4D53-91EC-45B3E934DEBB}.Release|Any CPU.Build.0 = Release|Any CPU
		{AEF20FBA-52C0-46AE-8D6A-4C5D96D1ABD7}.Debug|Any CPU.ActiveCfg = Debug|Any CPU
		{AEF20FBA-52C0-46AE-8D6A-4C5D96D1ABD7}.Debug|Any CPU.Build.0 = Debug|Any CPU
		{AEF20FBA-52C0-46AE-8D6A-4C5D96D1ABD7}.Release|Any CPU.ActiveCfg = Release|Any CPU
		{AEF20FBA-52C0-46AE-8D6A-4C5D96D1ABD7}.Release|Any CPU.Build.0 = Release|Any CPU
	EndGlobalSection
	GlobalSection(SolutionProperties) = preSolution
		HideSolutionNode = FALSE
	EndGlobalSection
	GlobalSection(NestedProjects) = preSolution
		{159B3DD5-E0CB-42DE-9981-A77642E3A921} = {7FD1FDC3-39D6-4ECC-BBCD-DD699551B5CE}
		{325FE109-323E-4948-8BA9-8A62270846CE} = {159B3DD5-E0CB-42DE-9981-A77642E3A921}
		{26468565-2748-4AB9-B1EA-7ECC0EFB913C} = {159B3DD5-E0CB-42DE-9981-A77642E3A921}
		{709E2DEF-075F-4244-8C3E-09F45F521A7D} = {7FD1FDC3-39D6-4ECC-BBCD-DD699551B5CE}
		{CF80D69C-79A4-47C3-8C35-95FF3BFC0697} = {159B3DD5-E0CB-42DE-9981-A77642E3A921}
		{AD532233-BA67-49C3-BC20-CC55B05E879F} = {325FE109-323E-4948-8BA9-8A62270846CE}
		{E6B30B5A-C7E3-489A-AB82-1B9265E99AF2} = {CF80D69C-79A4-47C3-8C35-95FF3BFC0697}
		{91D4A40B-5CB1-4D53-91EC-45B3E934DEBB} = {26468565-2748-4AB9-B1EA-7ECC0EFB913C}
		{AEF20FBA-52C0-46AE-8D6A-4C5D96D1ABD7} = {709E2DEF-075F-4244-8C3E-09F45F521A7D}
	EndGlobalSection
	GlobalSection(ExtensibilityGlobals) = postSolution
		SolutionGuid = {4839BA20-00EC-45D4-BA3E-45FD653C7481}
	EndGlobalSection
EndGlobal
